// !$*UTF8*$!
{
	archiveVersion = 1;
	classes = {
	};
	objectVersion = 77;
	objects = {

/* Begin PBXBuildFile section */
		16E6082AEA0DD73CC972E4B4 /* DeviceUITests.swift in Sources */ = {isa = PBXBuildFile; fileRef = 24D5EC23C54CB8011F5E72D6 /* DeviceUITests.swift */; };
		2002246286E1484EEDD1A8CC /* PowerWatchCore in Frameworks */ = {isa = PBXBuildFile; productRef = DED5755C986AE9747B912D2E /* PowerWatchCore */; };
		23C68D4CD820C4F416A9FE81 /* DashboardData.swift in Sources */ = {isa = PBXBuildFile; fileRef = 73831E6FB2A12CC8976C7A2B /* DashboardData.swift */; };
		26A71B74B475D6C67727FDFC /* AppModel.swift in Sources */ = {isa = PBXBuildFile; fileRef = E06E75947479145BBC58816B /* AppModel.swift */; };
		26E50BAA62374D5B8FC8818D /* SyncController.swift in Sources */ = {isa = PBXBuildFile; fileRef = D4DA4ECF1438C6CDCE6B843D /* SyncController.swift */; };
		2AD48C5B6BA9492B5ED7A794 /* HistoryView.swift in Sources */ = {isa = PBXBuildFile; fileRef = 73B91DFCAED4A03653B59BAA /* HistoryView.swift */; };
		2E6275311592C9E280E87B76 /* PersonalSettingsView.swift in Sources */ = {isa = PBXBuildFile; fileRef = F51C8334AD0B89F84FCAC98B /* PersonalSettingsView.swift */; };
		3CEEE2BD941275103EAEF064 /* HistoryUITests.swift in Sources */ = {isa = PBXBuildFile; fileRef = 2359939DF51E0252D166E706 /* HistoryUITests.swift */; };
		410BE721BC17AC742AB6E95B /* OnboardingView.swift in Sources */ = {isa = PBXBuildFile; fileRef = BABD6AC1F84E1D2912ED330C /* OnboardingView.swift */; };
		4112C6C7F41F90BD5FE12A47 /* Assets.xcassets in Resources */ = {isa = PBXBuildFile; fileRef = A489D9FA4B1BC65854E54743 /* Assets.xcassets */; };
		56F545B97CB6734188C29728 /* PowerWatchApp.swift in Sources */ = {isa = PBXBuildFile; fileRef = 9701D0DE5129AC11857D0CB2 /* PowerWatchApp.swift */; };
		671A27CABAFF1B3E5C6FD036 /* QRScannerView.swift in Sources */ = {isa = PBXBuildFile; fileRef = BBC9B550A6B42824A7332F23 /* QRScannerView.swift */; };
		9E25800D355AF18F0BBF05F6 /* DashboardUITests.swift in Sources */ = {isa = PBXBuildFile; fileRef = 8954E12669D18A973C76D88C /* DashboardUITests.swift */; };
		B45F2B7CD8F6201916D672E8 /* OnboardingUITests.swift in Sources */ = {isa = PBXBuildFile; fileRef = 11ED7BEBEF134C926CA3A5D5 /* OnboardingUITests.swift */; };
		B4BF2F9693225771EB927D8F /* GUIParityUITests.swift in Sources */ = {isa = PBXBuildFile; fileRef = 576858710B1882126656673B /* GUIParityUITests.swift */; };
		BB9E13F58E4AFB61846671CF /* Theme.swift in Sources */ = {isa = PBXBuildFile; fileRef = 495055BA8E45555FB75F55D2 /* Theme.swift */; };
		C080DE2BF096354F34FAF7AF /* WatchSettingsUITests.swift in Sources */ = {isa = PBXBuildFile; fileRef = 19EA0E6EFCBCD61066CA9DF7 /* WatchSettingsUITests.swift */; };
		CAD3C402F00F965C65E192D6 /* DashboardView.swift in Sources */ = {isa = PBXBuildFile; fileRef = 6D0306C98E5DE1DD16D728FB /* DashboardView.swift */; };
		D3C0953A92D97F2CCD947620 /* WatchSettingsView.swift in Sources */ = {isa = PBXBuildFile; fileRef = 3BDB86D450C9E3DE89DF5D62 /* WatchSettingsView.swift */; };
		EAC38A1B72667B3377DAAAEE /* LocalStore.swift in Sources */ = {isa = PBXBuildFile; fileRef = A137238643ECF1F04C1B246C /* LocalStore.swift */; };
		EE1E5DE7A1924A976226E08F /* NotificationController.swift in Sources */ = {isa = PBXBuildFile; fileRef = CD22AFCE9588399BDDA813B2 /* NotificationController.swift */; };
		FE0EE84ABDA9BC717A7FB306 /* DeviceView.swift in Sources */ = {isa = PBXBuildFile; fileRef = 084EDFB2C8BAE953C227D919 /* DeviceView.swift */; };
/* End PBXBuildFile section */

/* Begin PBXContainerItemProxy section */
		7F4988F8840ADDA7AA31CF97 /* PBXContainerItemProxy */ = {
			isa = PBXContainerItemProxy;
			containerPortal = 10C80232909AB26B604CCC83 /* Project object */;
			proxyType = 1;
			remoteGlobalIDString = 4117612EAF12064A3F336DE8;
			remoteInfo = PowerWatch;
		};
/* End PBXContainerItemProxy section */

/* Begin PBXFileReference section */
		084EDFB2C8BAE953C227D919 /* DeviceView.swift */ = {isa = PBXFileReference; lastKnownFileType = sourcecode.swift; path = DeviceView.swift; sourceTree = "<group>"; };
		11ED7BEBEF134C926CA3A5D5 /* OnboardingUITests.swift */ = {isa = PBXFileReference; lastKnownFileType = sourcecode.swift; path = OnboardingUITests.swift; sourceTree = "<group>"; };
		19EA0E6EFCBCD61066CA9DF7 /* WatchSettingsUITests.swift */ = {isa = PBXFileReference; lastKnownFileType = sourcecode.swift; path = WatchSettingsUITests.swift; sourceTree = "<group>"; };
		2359939DF51E0252D166E706 /* HistoryUITests.swift */ = {isa = PBXFileReference; lastKnownFileType = sourcecode.swift; path = HistoryUITests.swift; sourceTree = "<group>"; };
		24D5EC23C54CB8011F5E72D6 /* DeviceUITests.swift */ = {isa = PBXFileReference; lastKnownFileType = sourcecode.swift; path = DeviceUITests.swift; sourceTree = "<group>"; };
		3BDB86D450C9E3DE89DF5D62 /* WatchSettingsView.swift */ = {isa = PBXFileReference; lastKnownFileType = sourcecode.swift; path = WatchSettingsView.swift; sourceTree = "<group>"; };
		495055BA8E45555FB75F55D2 /* Theme.swift */ = {isa = PBXFileReference; lastKnownFileType = sourcecode.swift; path = Theme.swift; sourceTree = "<group>"; };
		576858710B1882126656673B /* GUIParityUITests.swift */ = {isa = PBXFileReference; lastKnownFileType = sourcecode.swift; path = GUIParityUITests.swift; sourceTree = "<group>"; };
		6D0306C98E5DE1DD16D728FB /* DashboardView.swift */ = {isa = PBXFileReference; lastKnownFileType = sourcecode.swift; path = DashboardView.swift; sourceTree = "<group>"; };
		73831E6FB2A12CC8976C7A2B /* DashboardData.swift */ = {isa = PBXFileReference; lastKnownFileType = sourcecode.swift; path = DashboardData.swift; sourceTree = "<group>"; };
		73B91DFCAED4A03653B59BAA /* HistoryView.swift */ = {isa = PBXFileReference; lastKnownFileType = sourcecode.swift; path = HistoryView.swift; sourceTree = "<group>"; };
		8954E12669D18A973C76D88C /* DashboardUITests.swift */ = {isa = PBXFileReference; lastKnownFileType = sourcecode.swift; path = DashboardUITests.swift; sourceTree = "<group>"; };
		9701D0DE5129AC11857D0CB2 /* PowerWatchApp.swift */ = {isa = PBXFileReference; lastKnownFileType = sourcecode.swift; path = PowerWatchApp.swift; sourceTree = "<group>"; };
		A137238643ECF1F04C1B246C /* LocalStore.swift */ = {isa = PBXFileReference; lastKnownFileType = sourcecode.swift; path = LocalStore.swift; sourceTree = "<group>"; };
		A489D9FA4B1BC65854E54743 /* Assets.xcassets */ = {isa = PBXFileReference; lastKnownFileType = folder.assetcatalog; path = Assets.xcassets; sourceTree = "<group>"; };
		BABD6AC1F84E1D2912ED330C /* OnboardingView.swift */ = {isa = PBXFileReference; lastKnownFileType = sourcecode.swift; path = OnboardingView.swift; sourceTree = "<group>"; };
		BBC9B550A6B42824A7332F23 /* QRScannerView.swift */ = {isa = PBXFileReference; lastKnownFileType = sourcecode.swift; path = QRScannerView.swift; sourceTree = "<group>"; };
		BDFADBF4702DD20ABAC5DD23 /* PowerWatchUITests.xctest */ = {isa = PBXFileReference; includeInIndex = 0; lastKnownFileType = wrapper.cfbundle; path = PowerWatchUITests.xctest; sourceTree = BUILT_PRODUCTS_DIR; };
		C867992111EFF23E0AE19EE8 /* ios */ = {isa = PBXFileReference; lastKnownFileType = folder; name = ios; path = .; sourceTree = SOURCE_ROOT; };
		CD22AFCE9588399BDDA813B2 /* NotificationController.swift */ = {isa = PBXFileReference; lastKnownFileType = sourcecode.swift; path = NotificationController.swift; sourceTree = "<group>"; };
		D4DA4ECF1438C6CDCE6B843D /* SyncController.swift */ = {isa = PBXFileReference; lastKnownFileType = sourcecode.swift; path = SyncController.swift; sourceTree = "<group>"; };
		D54DAAAD07669667AF1E486B /* PowerWatch.app */ = {isa = PBXFileReference; includeInIndex = 0; lastKnownFileType = wrapper.application; path = PowerWatch.app; sourceTree = BUILT_PRODUCTS_DIR; };
		E06E75947479145BBC58816B /* AppModel.swift */ = {isa = PBXFileReference; lastKnownFileType = sourcecode.swift; path = AppModel.swift; sourceTree = "<group>"; };
		ED78F002BF36B38F07685A70 /* Info.plist */ = {isa = PBXFileReference; lastKnownFileType = text.plist; path = Info.plist; sourceTree = "<group>"; };
		F51C8334AD0B89F84FCAC98B /* PersonalSettingsView.swift */ = {isa = PBXFileReference; lastKnownFileType = sourcecode.swift; path = PersonalSettingsView.swift; sourceTree = "<group>"; };
/* End PBXFileReference section */

/* Begin PBXFrameworksBuildPhase section */
		28B5C79886EAE152AF71BEB1 /* Frameworks */ = {
			isa = PBXFrameworksBuildPhase;
			buildActionMask = 2147483647;
			files = (
				2002246286E1484EEDD1A8CC /* PowerWatchCore in Frameworks */,
			);
			runOnlyForDeploymentPostprocessing = 0;
		};
/* End PBXFrameworksBuildPhase section */

/* Begin PBXGroup section */
		558B5CE7FEF78C9FF9ECC0B0 /* Packages */ = {
			isa = PBXGroup;
			children = (
				C867992111EFF23E0AE19EE8 /* ios */,
			);
			name = Packages;
			sourceTree = "<group>";
		};
		A96D66C6AA1A8CA99C10427F /* PowerWatch */ = {
			isa = PBXGroup;
			children = (
				E06E75947479145BBC58816B /* AppModel.swift */,
				A489D9FA4B1BC65854E54743 /* Assets.xcassets */,
				73831E6FB2A12CC8976C7A2B /* DashboardData.swift */,
				6D0306C98E5DE1DD16D728FB /* DashboardView.swift */,
				084EDFB2C8BAE953C227D919 /* DeviceView.swift */,
				73B91DFCAED4A03653B59BAA /* HistoryView.swift */,
				ED78F002BF36B38F07685A70 /* Info.plist */,
				A137238643ECF1F04C1B246C /* LocalStore.swift */,
				CD22AFCE9588399BDDA813B2 /* NotificationController.swift */,
				BABD6AC1F84E1D2912ED330C /* OnboardingView.swift */,
				F51C8334AD0B89F84FCAC98B /* PersonalSettingsView.swift */,
				9701D0DE5129AC11857D0CB2 /* PowerWatchApp.swift */,
				BBC9B550A6B42824A7332F23 /* QRScannerView.swift */,
				D4DA4ECF1438C6CDCE6B843D /* SyncController.swift */,
				495055BA8E45555FB75F55D2 /* Theme.swift */,
				3BDB86D450C9E3DE89DF5D62 /* WatchSettingsView.swift */,
			);
			path = PowerWatch;
			sourceTree = "<group>";
		};
		AA05E435B72206AC726C38D8 /* PowerWatchUITests */ = {
			isa = PBXGroup;
			children = (
				8954E12669D18A973C76D88C /* DashboardUITests.swift */,
				24D5EC23C54CB8011F5E72D6 /* DeviceUITests.swift */,
				576858710B1882126656673B /* GUIParityUITests.swift */,
				2359939DF51E0252D166E706 /* HistoryUITests.swift */,
				11ED7BEBEF134C926CA3A5D5 /* OnboardingUITests.swift */,
				19EA0E6EFCBCD61066CA9DF7 /* WatchSettingsUITests.swift */,
			);
			path = PowerWatchUITests;
			sourceTree = "<group>";
		};
		FC882F25B03C29DCBA8BA0ED = {
			isa = PBXGroup;
			children = (
				558B5CE7FEF78C9FF9ECC0B0 /* Packages */,
				A96D66C6AA1A8CA99C10427F /* PowerWatch */,
				AA05E435B72206AC726C38D8 /* PowerWatchUITests */,
				FEE44F8088A038F583F15EE7 /* Products */,
			);
			sourceTree = "<group>";
		};
		FEE44F8088A038F583F15EE7 /* Products */ = {
			isa = PBXGroup;
			children = (
				D54DAAAD07669667AF1E486B /* PowerWatch.app */,
				BDFADBF4702DD20ABAC5DD23 /* PowerWatchUITests.xctest */,
			);
			name = Products;
			sourceTree = "<group>";
		};
/* End PBXGroup section */

/* Begin PBXNativeTarget section */
		4117612EAF12064A3F336DE8 /* PowerWatch */ = {
			isa = PBXNativeTarget;
			buildConfigurationList = FADD38114FB97300DF78E97B /* Build configuration list for PBXNativeTarget "PowerWatch" */;
			buildPhases = (
				BEAE6120810A19122F233CD6 /* Sources */,
				1894EAC929333501F78EF61C /* Resources */,
				28B5C79886EAE152AF71BEB1 /* Frameworks */,
			);
			buildRules = (
			);
			dependencies = (
			);
			name = PowerWatch;
			packageProductDependencies = (
				DED5755C986AE9747B912D2E /* PowerWatchCore */,
			);
			productName = PowerWatch;
			productReference = D54DAAAD07669667AF1E486B /* PowerWatch.app */;
			productType = "com.apple.product-type.application";
		};
		49DA274E5EBCA77508C809BD /* PowerWatchUITests */ = {
			isa = PBXNativeTarget;
			buildConfigurationList = 11A1C91E19FE2DCFC04EEACB /* Build configuration list for PBXNativeTarget "PowerWatchUITests" */;
			buildPhases = (
				77EA91A1F1BC6FC7EEB50C9B /* Sources */,
			);
			buildRules = (
			);
			dependencies = (
				32C6EB02B85E7B4288D8C648 /* PBXTargetDependency */,
			);
			name = PowerWatchUITests;
			packageProductDependencies = (
			);
			productName = PowerWatchUITests;
			productReference = BDFADBF4702DD20ABAC5DD23 /* PowerWatchUITests.xctest */;
			productType = "com.apple.product-type.bundle.ui-testing";
		};
/* End PBXNativeTarget section */

/* Begin PBXProject section */
		10C80232909AB26B604CCC83 /* Project object */ = {
			isa = PBXProject;
			attributes = {
				BuildIndependentTargetsInParallel = YES;
				LastUpgradeCheck = 1430;
				TargetAttributes = {
					4117612EAF12064A3F336DE8 = {
						DevelopmentTeam = 5ZMY3Q3K9L;
						ProvisioningStyle = Automatic;
					};
					49DA274E5EBCA77508C809BD = {
						TestTargetID = 4117612EAF12064A3F336DE8;
					};
				};
			};
			buildConfigurationList = 770CE395525B56358EA63B93 /* Build configuration list for PBXProject "PowerWatch" */;
			developmentRegion = en;
			hasScannedForEncodings = 0;
			knownRegions = (
				Base,
				en,
			);
			mainGroup = FC882F25B03C29DCBA8BA0ED;
			minimizedProjectReferenceProxies = 1;
			packageReferences = (
				C169595EBCD416E55A73264C /* XCLocalSwiftPackageReference "." */,
			);
			preferredProjectObjectVersion = 77;
			productRefGroup = FEE44F8088A038F583F15EE7 /* Products */;
			projectDirPath = "";
			projectRoot = "";
			targets = (
				4117612EAF12064A3F336DE8 /* PowerWatch */,
				49DA274E5EBCA77508C809BD /* PowerWatchUITests */,
			);
		};
/* End PBXProject section */

/* Begin PBXResourcesBuildPhase section */
		1894EAC929333501F78EF61C /* Resources */ = {
			isa = PBXResourcesBuildPhase;
			buildActionMask = 2147483647;
			files = (
				4112C6C7F41F90BD5FE12A47 /* Assets.xcassets in Resources */,
			);
			runOnlyForDeploymentPostprocessing = 0;
		};
/* End PBXResourcesBuildPhase section */

/* Begin PBXSourcesBuildPhase section */
		77EA91A1F1BC6FC7EEB50C9B /* Sources */ = {
			isa = PBXSourcesBuildPhase;
			buildActionMask = 2147483647;
			files = (
				9E25800D355AF18F0BBF05F6 /* DashboardUITests.swift in Sources */,
				16E6082AEA0DD73CC972E4B4 /* DeviceUITests.swift in Sources */,
				B4BF2F9693225771EB927D8F /* GUIParityUITests.swift in Sources */,
				3CEEE2BD941275103EAEF064 /* HistoryUITests.swift in Sources */,
				B45F2B7CD8F6201916D672E8 /* OnboardingUITests.swift in Sources */,
				C080DE2BF096354F34FAF7AF /* WatchSettingsUITests.swift in Sources */,
			);
			runOnlyForDeploymentPostprocessing = 0;
		};
		BEAE6120810A19122F233CD6 /* Sources */ = {
			isa = PBXSourcesBuildPhase;
			buildActionMask = 2147483647;
			files = (
				26A71B74B475D6C67727FDFC /* AppModel.swift in Sources */,
				23C68D4CD820C4F416A9FE81 /* DashboardData.swift in Sources */,
				CAD3C402F00F965C65E192D6 /* DashboardView.swift in Sources */,
				FE0EE84ABDA9BC717A7FB306 /* DeviceView.swift in Sources */,
				2AD48C5B6BA9492B5ED7A794 /* HistoryView.swift in Sources */,
				EAC38A1B72667B3377DAAAEE /* LocalStore.swift in Sources */,
				EE1E5DE7A1924A976226E08F /* NotificationController.swift in Sources */,
				410BE721BC17AC742AB6E95B /* OnboardingView.swift in Sources */,
				2E6275311592C9E280E87B76 /* PersonalSettingsView.swift in Sources */,
				56F545B97CB6734188C29728 /* PowerWatchApp.swift in Sources */,
				671A27CABAFF1B3E5C6FD036 /* QRScannerView.swift in Sources */,
				26E50BAA62374D5B8FC8818D /* SyncController.swift in Sources */,
				BB9E13F58E4AFB61846671CF /* Theme.swift in Sources */,
				D3C0953A92D97F2CCD947620 /* WatchSettingsView.swift in Sources */,
			);
			runOnlyForDeploymentPostprocessing = 0;
		};
/* End PBXSourcesBuildPhase section */

/* Begin PBXTargetDependency section */
		32C6EB02B85E7B4288D8C648 /* PBXTargetDependency */ = {
			isa = PBXTargetDependency;
			target = 4117612EAF12064A3F336DE8 /* PowerWatch */;
			targetProxy = 7F4988F8840ADDA7AA31CF97 /* PBXContainerItemProxy */;
		};
/* End PBXTargetDependency section */

/* Begin XCBuildConfiguration section */
		5FEE18DC26097700A69BA1A8 /* Release */ = {
			isa = XCBuildConfiguration;
			buildSettings = {
				BUNDLE_LOADER = "$(TEST_HOST)";
				GENERATE_INFOPLIST_FILE = YES;
				LD_RUNPATH_SEARCH_PATHS = (
					"$(inherited)",
					"@executable_path/Frameworks",
					"@loader_path/Frameworks",
				);
				PRODUCT_BUNDLE_IDENTIFIER = com.swanky.powerwatch.uitests;
				SDKROOT = iphoneos;
				SWIFT_VERSION = 5.9;
				TARGETED_DEVICE_FAMILY = "1,2";
				TEST_TARGET_NAME = PowerWatch;
			};
			name = Release;
		};
		98D11D871FAC9C41505F4074 /* Debug */ = {
			isa = XCBuildConfiguration;
			buildSettings = {
				ALWAYS_SEARCH_USER_PATHS = NO;
				CLANG_ANALYZER_NONNULL = YES;
				CLANG_ANALYZER_NUMBER_OBJECT_CONVERSION = YES_AGGRESSIVE;
				CLANG_CXX_LANGUAGE_STANDARD = "gnu++14";
				CLANG_CXX_LIBRARY = "libc++";
				CLANG_ENABLE_MODULES = YES;
				CLANG_ENABLE_OBJC_ARC = YES;
				CLANG_ENABLE_OBJC_WEAK = YES;
				CLANG_WARN_BLOCK_CAPTURE_AUTORELEASING = YES;
				CLANG_WARN_BOOL_CONVERSION = YES;
				CLANG_WARN_COMMA = YES;
				CLANG_WARN_CONSTANT_CONVERSION = YES;
				CLANG_WARN_DEPRECATED_OBJC_IMPLEMENTATIONS = YES;
				CLANG_WARN_DIRECT_OBJC_ISA_USAGE = YES_ERROR;
				CLANG_WARN_DOCUMENTATION_COMMENTS = YES;
				CLANG_WARN_EMPTY_BODY = YES;
				CLANG_WARN_ENUM_CONVERSION = YES;
				CLANG_WARN_INFINITE_RECURSION = YES;
				CLANG_WARN_INT_CONVERSION = YES;
				CLANG_WARN_NON_LITERAL_NULL_CONVERSION = YES;
				CLANG_WARN_OBJC_IMPLICIT_RETAIN_SELF = YES;
				CLANG_WARN_OBJC_LITERAL_CONVERSION = YES;
				CLANG_WARN_OBJC_ROOT_CLASS = YES_ERROR;
				CLANG_WARN_QUOTED_INCLUDE_IN_FRAMEWORK_HEADER = YES;
				CLANG_WARN_RANGE_LOOP_ANALYSIS = YES;
				CLANG_WARN_STRICT_PROTOTYPES = YES;
				CLANG_WARN_SUSPICIOUS_MOVE = YES;
				CLANG_WARN_UNGUARDED_AVAILABILITY = YES_AGGRESSIVE;
				CLANG_WARN_UNREACHABLE_CODE = YES;
				CLANG_WARN__DUPLICATE_METHOD_MATCH = YES;
				COPY_PHASE_STRIP = NO;
				DEBUG_INFORMATION_FORMAT = dwarf;
				ENABLE_STRICT_OBJC_MSGSEND = YES;
				ENABLE_TESTABILITY = YES;
				GCC_C_LANGUAGE_STANDARD = gnu11;
				GCC_DYNAMIC_NO_PIC = NO;
				GCC_NO_COMMON_BLOCKS = YES;
				GCC_OPTIMIZATION_LEVEL = 0;
				GCC_PREPROCESSOR_DEFINITIONS = (
					"$(inherited)",
					"DEBUG=1",
				);
				GCC_WARN_64_TO_32_BIT_CONVERSION = YES;
				GCC_WARN_ABOUT_RETURN_TYPE = YES_ERROR;
				GCC_WARN_UNDECLARED_SELECTOR = YES;
				GCC_WARN_UNINITIALIZED_AUTOS = YES_AGGRESSIVE;
				GCC_WARN_UNUSED_FUNCTION = YES;
				GCC_WARN_UNUSED_VARIABLE = YES;
				IPHONEOS_DEPLOYMENT_TARGET = 17.0;
				MTL_ENABLE_DEBUG_INFO = INCLUDE_SOURCE;
				MTL_FAST_MATH = YES;
				ONLY_ACTIVE_ARCH = YES;
				PRODUCT_NAME = "$(TARGET_NAME)";
				SDKROOT = iphoneos;
				SWIFT_ACTIVE_COMPILATION_CONDITIONS = DEBUG;
				SWIFT_OPTIMIZATION_LEVEL = "-Onone";
				SWIFT_VERSION = 5.0;
			};
			name = Debug;
		};
		B6890764C348F657BEA2F06E /* Debug */ = {
			isa = XCBuildConfiguration;
			buildSettings = {
				BUNDLE_LOADER = "$(TEST_HOST)";
				GENERATE_INFOPLIST_FILE = YES;
				LD_RUNPATH_SEARCH_PATHS = (
					"$(inherited)",
					"@executable_path/Frameworks",
					"@loader_path/Frameworks",
				);
				PRODUCT_BUNDLE_IDENTIFIER = com.swanky.powerwatch.uitests;
				SDKROOT = iphoneos;
				SWIFT_VERSION = 5.9;
				TARGETED_DEVICE_FAMILY = "1,2";
				TEST_TARGET_NAME = PowerWatch;
			};
			name = Debug;
		};
		BAB8CC1C8F1E210A4219E2F5 /* Release */ = {
			isa = XCBuildConfiguration;
			buildSettings = {
				ASSETCATALOG_COMPILER_APPICON_NAME = AppIcon;
				CODE_SIGN_IDENTITY = "iPhone Developer";
				CODE_SIGN_STYLE = Automatic;
				CURRENT_PROJECT_VERSION = 1;
				DEVELOPMENT_TEAM = 5ZMY3Q3K9L;
				GENERATE_INFOPLIST_FILE = YES;
				INFOPLIST_FILE = PowerWatch/Info.plist;
				INFOPLIST_KEY_NSBluetoothAlwaysUsageDescription = "PowerWatch connects to your MATRIX watch over Bluetooth to sync activity data.";
				INFOPLIST_KEY_NSBluetoothPeripheralUsageDescription = "PowerWatch connects to your MATRIX watch over Bluetooth to sync activity data.";
				INFOPLIST_KEY_UIApplicationSceneManifest_Generation = YES;
				INFOPLIST_KEY_UIApplicationSupportsIndirectInputEvents = YES;
				INFOPLIST_KEY_UILaunchScreen_Generation = YES;
				LD_RUNPATH_SEARCH_PATHS = (
					"$(inherited)",
					"@executable_path/Frameworks",
				);
				MARKETING_VERSION = 1.0;
				PRODUCT_BUNDLE_IDENTIFIER = com.swanky.powerwatch;
				SDKROOT = iphoneos;
				SWIFT_VERSION = 5.9;
				TARGETED_DEVICE_FAMILY = "1,2";
			};
			name = Release;
		};
		BD6FE161DF5EF766FF268A9C /* Debug */ = {
			isa = XCBuildConfiguration;
			buildSettings = {
				ASSETCATALOG_COMPILER_APPICON_NAME = AppIcon;
				CODE_SIGN_IDENTITY = "iPhone Developer";
				CODE_SIGN_STYLE = Automatic;
				CURRENT_PROJECT_VERSION = 1;
				DEVELOPMENT_TEAM = 5ZMY3Q3K9L;
				GENERATE_INFOPLIST_FILE = YES;
				INFOPLIST_FILE = PowerWatch/Info.plist;
				INFOPLIST_KEY_NSBluetoothAlwaysUsageDescription = "PowerWatch connects to your MATRIX watch over Bluetooth to sync activity data.";
				INFOPLIST_KEY_NSBluetoothPeripheralUsageDescription = "PowerWatch connects to your MATRIX watch over Bluetooth to sync activity data.";
				INFOPLIST_KEY_UIApplicationSceneManifest_Generation = YES;
				INFOPLIST_KEY_UIApplicationSupportsIndirectInputEvents = YES;
				INFOPLIST_KEY_UILaunchScreen_Generation = YES;
				LD_RUNPATH_SEARCH_PATHS = (
					"$(inherited)",
					"@executable_path/Frameworks",
				);
				MARKETING_VERSION = 1.0;
				PRODUCT_BUNDLE_IDENTIFIER = com.swanky.powerwatch;
				SDKROOT = iphoneos;
				SWIFT_VERSION = 5.9;
				TARGETED_DEVICE_FAMILY = "1,2";
			};
			name = Debug;
		};
		D2FCBA2910E340105918C19A /* Release */ = {
			isa = XCBuildConfiguration;
			buildSettings = {
				ALWAYS_SEARCH_USER_PATHS = NO;
				CLANG_ANALYZER_NONNULL = YES;
				CLANG_ANALYZER_NUMBER_OBJECT_CONVERSION = YES_AGGRESSIVE;
				CLANG_CXX_LANGUAGE_STANDARD = "gnu++14";
				CLANG_CXX_LIBRARY = "libc++";
				CLANG_ENABLE_MODULES = YES;
				CLANG_ENABLE_OBJC_ARC = YES;
				CLANG_ENABLE_OBJC_WEAK = YES;
				CLANG_WARN_BLOCK_CAPTURE_AUTORELEASING = YES;
				CLANG_WARN_BOOL_CONVERSION = YES;
				CLANG_WARN_COMMA = YES;
				CLANG_WARN_CONSTANT_CONVERSION = YES;
				CLANG_WARN_DEPRECATED_OBJC_IMPLEMENTATIONS = YES;
				CLANG_WARN_DIRECT_OBJC_ISA_USAGE = YES_ERROR;
				CLANG_WARN_DOCUMENTATION_COMMENTS = YES;
				CLANG_WARN_EMPTY_BODY = YES;
				CLANG_WARN_ENUM_CONVERSION = YES;
				CLANG_WARN_INFINITE_RECURSION = YES;
				CLANG_WARN_INT_CONVERSION = YES;
				CLANG_WARN_NON_LITERAL_NULL_CONVERSION = YES;
				CLANG_WARN_OBJC_IMPLICIT_RETAIN_SELF = YES;
				CLANG_WARN_OBJC_LITERAL_CONVERSION = YES;
				CLANG_WARN_OBJC_ROOT_CLASS = YES_ERROR;
				CLANG_WARN_QUOTED_INCLUDE_IN_FRAMEWORK_HEADER = YES;
				CLANG_WARN_RANGE_LOOP_ANALYSIS = YES;
				CLANG_WARN_STRICT_PROTOTYPES = YES;
				CLANG_WARN_SUSPICIOUS_MOVE = YES;
				CLANG_WARN_UNGUARDED_AVAILABILITY = YES_AGGRESSIVE;
				CLANG_WARN_UNREACHABLE_CODE = YES;
				CLANG_WARN__DUPLICATE_METHOD_MATCH = YES;
				COPY_PHASE_STRIP = NO;
				DEBUG_INFORMATION_FORMAT = "dwarf-with-dsym";
				ENABLE_NS_ASSERTIONS = NO;
				ENABLE_STRICT_OBJC_MSGSEND = YES;
				GCC_C_LANGUAGE_STANDARD = gnu11;
				GCC_NO_COMMON_BLOCKS = YES;
				GCC_WARN_64_TO_32_BIT_CONVERSION = YES;
				GCC_WARN_ABOUT_RETURN_TYPE = YES_ERROR;
				GCC_WARN_UNDECLARED_SELECTOR = YES;
				GCC_WARN_UNINITIALIZED_AUTOS = YES_AGGRESSIVE;
				GCC_WARN_UNUSED_FUNCTION = YES;
				GCC_WARN_UNUSED_VARIABLE = YES;
				IPHONEOS_DEPLOYMENT_TARGET = 17.0;
				MTL_ENABLE_DEBUG_INFO = NO;
				MTL_FAST_MATH = YES;
				PRODUCT_NAME = "$(TARGET_NAME)";
				SDKROOT = iphoneos;
				SWIFT_COMPILATION_MODE = wholemodule;
				SWIFT_OPTIMIZATION_LEVEL = "-O";
				SWIFT_VERSION = 5.0;
			};
			name = Release;
		};
/* End XCBuildConfiguration section */

/* Begin XCConfigurationList section */
		11A1C91E19FE2DCFC04EEACB /* Build configuration list for PBXNativeTarget "PowerWatchUITests" */ = {
			isa = XCConfigurationList;
			buildConfigurations = (
				B6890764C348F657BEA2F06E /* Debug */,
				5FEE18DC26097700A69BA1A8 /* Release */,
			);
			defaultConfigurationIsVisible = 0;
			defaultConfigurationName = Debug;
		};
		770CE395525B56358EA63B93 /* Build configuration list for PBXProject "PowerWatch" */ = {
			isa = XCConfigurationList;
			buildConfigurations = (
				98D11D871FAC9C41505F4074 /* Debug */,
				D2FCBA2910E340105918C19A /* Release */,
			);
			defaultConfigurationIsVisible = 0;
			defaultConfigurationName = Debug;
		};
		FADD38114FB97300DF78E97B /* Build configuration list for PBXNativeTarget "PowerWatch" */ = {
			isa = XCConfigurationList;
			buildConfigurations = (
				BD6FE161DF5EF766FF268A9C /* Debug */,
				BAB8CC1C8F1E210A4219E2F5 /* Release */,
			);
			defaultConfigurationIsVisible = 0;
			defaultConfigurationName = Debug;
		};
/* End XCConfigurationList section */

/* Begin XCLocalSwiftPackageReference section */
		C169595EBCD416E55A73264C /* XCLocalSwiftPackageReference "." */ = {
			isa = XCLocalSwiftPackageReference;
			relativePath = .;
		};
/* End XCLocalSwiftPackageReference section */

/* Begin XCSwiftPackageProductDependency section */
		DED5755C986AE9747B912D2E /* PowerWatchCore */ = {
			isa = XCSwiftPackageProductDependency;
			productName = PowerWatchCore;
		};
/* End XCSwiftPackageProductDependency section */
	};
	rootObject = 10C80232909AB26B604CCC83 /* Project object */;
}
